
Microsoft Visual Studio Solution File, Format Version 12.00
# Visual Studio 15
VisualStudioVersion = 15.0.28307.168
MinimumVisualStudioVersion = 10.0.40219.1
Project("{888888A0-9F3D-457C-B088-3A5042F75D52}") = "advent2017", "advent2017.pyproj", "{A252D8A4-583D-4938-8797-B92313DED19D}"
EndProject
Global
	GlobalSection(SolutionConfigurationPlatforms) = preSolution
		Debug|Any CPU = Debug|Any CPU
		Release|Any CPU = Release|Any CPU
	EndGlobalSection
	GlobalSection(ProjectConfigurationPlatforms) = postSolution
		{A252D8A4-583D-4938-8797-B92313DED19D}.Debug|Any CPU.ActiveCfg = Debug|Any CPU
		{A252D8A4-583D-4938-8797-B92313DED19D}.Release|Any CPU.ActiveCfg = Release|Any CPU
	EndGlobalSection
	GlobalSection(SolutionProperties) = preSolution
		HideSolutionNode = FALSE
	EndGlobalSection
	GlobalSection(ExtensibilityGlobals) = postSolution
		SolutionGuid = {4E0806B6-3A1A-4634-B896-EEDFE3A60797}
	EndGlobalSection
EndGlobal
